
Microsoft Visual Studio Solution File, Format Version 12.00
# Visual Studio Version 16
VisualStudioVersion = 25.0.1706.3
MinimumVisualStudioVersion = 10.0.40219.1
Project("{FAE04EC0-301F-11D3-BF4B-00C04F79EFBC}") = "GalleryApp.Android", "GalleryApp\GalleryApp.Android\GalleryApp.Android.csproj", "{0B9D18EB-473C-4A86-9399-747C365A1EE0}"
EndProject
Project("{FAE04EC0-301F-11D3-BF4B-00C04F79EFBC}") = "GalleryApp.iOS", "GalleryApp\GalleryApp.iOS\GalleryApp.iOS.csproj", "{FF9E1477-3167-466A-844D-7CDE9A111C33}"
EndProject
Project("{FAE04EC0-301F-11D3-BF4B-00C04F79EFBC}") = "GalleryApp", "GalleryApp\GalleryApp\GalleryApp.csproj", "{4777B384-E3DD-483B-97DB-159D9D3BF789}"
EndProject
Global
	GlobalSection(SolutionConfigurationPlatforms) = preSolution
		Debug|Any CPU = Debug|Any CPU
		Release|Any CPU = Release|Any CPU
		Debug|iPhoneSimulator = Debug|iPhoneSimulator
		Release|iPhoneSimulator = Release|iPhoneSimulator
		Debug|iPhone = Debug|iPhone
		Release|iPhone = Release|iPhone
	EndGlobalSection
	GlobalSection(ProjectConfigurationPlatforms) = postSolution
		{0B9D18EB-473C-4A86-9399-747C365A1EE0}.Debug|Any CPU.ActiveCfg = Debug|Any CPU
		{0B9D18EB-473C-4A86-9399-747C365A1EE0}.Debug|Any CPU.Build.0 = Debug|Any CPU
		{0B9D18EB-473C-4A86-9399-747C365A1EE0}.Release|Any CPU.ActiveCfg = Release|Any CPU
		{0B9D18EB-473C-4A86-9399-747C365A1EE0}.Release|Any CPU.Build.0 = Release|Any CPU
		{0B9D18EB-473C-4A86-9399-747C365A1EE0}.Debug|iPhoneSimulator.ActiveCfg = Debug|Any CPU
		{0B9D18EB-473C-4A86-9399-747C365A1EE0}.Debug|iPhoneSimulator.Build.0 = Debug|Any CPU
		{0B9D18EB-473C-4A86-9399-747C365A1EE0}.Release|iPhoneSimulator.ActiveCfg = Release|Any CPU
		{0B9D18EB-473C-4A86-9399-747C365A1EE0}.Release|iPhoneSimulator.Build.0 = Release|Any CPU
		{0B9D18EB-473C-4A86-9399-747C365A1EE0}.Debug|iPhone.ActiveCfg = Debug|Any CPU
		{0B9D18EB-473C-4A86-9399-747C365A1EE0}.Debug|iPhone.Build.0 = Debug|Any CPU
		{0B9D18EB-473C-4A86-9399-747C365A1EE0}.Release|iPhone.ActiveCfg = Release|Any CPU
		{0B9D18EB-473C-4A86-9399-747C365A1EE0}.Release|iPhone.Build.0 = Release|Any CPU
		{FF9E1477-3167-466A-844D-7CDE9A111C33}.Debug|Any CPU.ActiveCfg = Debug|iPhoneSimulator
		{FF9E1477-3167-466A-844D-7CDE9A111C33}.Debug|Any CPU.Build.0 = Debug|iPhoneSimulator
		{FF9E1477-3167-466A-844D-7CDE9A111C33}.Release|Any CPU.ActiveCfg = Release|iPhoneSimulator
		{FF9E1477-3167-466A-844D-7CDE9A111C33}.Release|Any CPU.Build.0 = Release|iPhoneSimulator
		{FF9E1477-3167-466A-844D-7CDE9A111C33}.Debug|iPhoneSimulator.ActiveCfg = Debug|iPhoneSimulator
		{FF9E1477-3167-466A-844D-7CDE9A111C33}.Debug|iPhoneSimulator.Build.0 = Debug|iPhoneSimulator
		{FF9E1477-3167-466A-844D-7CDE9A111C33}.Release|iPhoneSimulator.ActiveCfg = Release|iPhoneSimulator
		{FF9E1477-3167-466A-844D-7CDE9A111C33}.Release|iPhoneSimulator.Build.0 = Release|iPhoneSimulator
		{FF9E1477-3167-466A-844D-7CDE9A111C33}.Debug|iPhone.ActiveCfg = Debug|iPhone
		{FF9E1477-3167-466A-844D-7CDE9A111C33}.Debug|iPhone.Build.0 = Debug|iPhone
		{FF9E1477-3167-466A-844D-7CDE9A111C33}.Release|iPhone.ActiveCfg = Release|iPhone
		{FF9E1477-3167-466A-844D-7CDE9A111C33}.Release|iPhone.Build.0 = Release|iPhone
		{4777B384-E3DD-483B-97DB-159D9D3BF789}.Debug|Any CPU.ActiveCfg = Debug|Any CPU
		{4777B384-E3DD-483B-97DB-159D9D3BF789}.Debug|Any CPU.Build.0 = Debug|Any CPU
		{4777B384-E3DD-483B-97DB-159D9D3BF789}.Release|Any CPU.ActiveCfg = Release|Any CPU
		{4777B384-E3DD-483B-97DB-159D9D3BF789}.Release|Any CPU.Build.0 = Release|Any CPU
		{4777B384-E3DD-483B-97DB-159D9D3BF789}.Debug|iPhoneSimulator.ActiveCfg = Debug|Any CPU
		{4777B384-E3DD-483B-97DB-159D9D3BF789}.Debug|iPhoneSimulator.Build.0 = Debug|Any CPU
		{4777B384-E3DD-483B-97DB-159D9D3BF789}.Release|iPhoneSimulator.ActiveCfg = Release|Any CPU
		{4777B384-E3DD-483B-97DB-159D9D3BF789}.Release|iPhoneSimulator.Build.0 = Release|Any CPU
		{4777B384-E3DD-483B-97DB-159D9D3BF789}.Debug|iPhone.ActiveCfg = Debug|Any CPU
		{4777B384-E3DD-483B-97DB-159D9D3BF789}.Debug|iPhone.Build.0 = Debug|Any CPU
		{4777B384-E3DD-483B-97DB-159D9D3BF789}.Release|iPhone.ActiveCfg = Release|Any CPU
		{4777B384-E3DD-483B-97DB-159D9D3BF789}.Release|iPhone.Build.0 = Release|Any CPU
	EndGlobalSection
	GlobalSection(SolutionProperties) = preSolution
		HideSolutionNode = FALSE
	EndGlobalSection
	GlobalSection(ExtensibilityGlobals) = postSolution
		SolutionGuid = {5C7726ED-512B-4B08-BEA0-DCEC6C18770E}
	EndGlobalSection
EndGlobal
